{
  "name": "examples",
  "version": "0.0.1",
  "lockfileVersion": 2,
  "requires": true,
  "packages": {
    "": {
      "name": "examples",
      "version": "0.0.1",
      "license": "MIT",
      "dependencies": {
        "onqlave-node": "file:.."
      }
    },
    "..": {
      "version": "0.0.1",
      "license": "MIT",
      "dependencies": {
        "asynckit": "^0.4.0",
        "axios": "^1.3.5",
        "axios-retry": "^3.4.0",
        "combined-stream": "^1.0.8",
        "delayed-stream": "^1.0.0",
        "follow-redirects": "^1.15.2",
        "form-data": "^4.0.0",
        "is-retry-allowed": "^2.2.0",
        "mime-db": "^1.52.0",
        "mime-types": "^2.1.35",
        "node-forge": "^1.3.1",
        "perf_hooks": "^0.0.1",
        "proxy-from-env": "^1.1.0",
        "regenerator-runtime": "^0.13.11",
        "uuid": "^9.0.0"
      },
      "devDependencies": {}
    },
    "node_modules/onqlave-node": {
      "resolved": "..",
      "link": true
    }
  },
  "dependencies": {
    "onqlave-node": {
      "version": "file:..",
      "requires": {
        "asynckit": "^0.4.0",
        "axios": "^1.3.5",
        "axios-retry": "^3.4.0",
        "combined-stream": "^1.0.8",
        "delayed-stream": "^1.0.0",
        "follow-redirects": "^1.15.2",
        "form-data": "^4.0.0",
        "is-retry-allowed": "^2.2.0",
        "mime-db": "^1.52.0",
        "mime-types": "^2.1.35",
        "node-forge": "^1.3.1",
        "perf_hooks": "^0.0.1",
        "proxy-from-env": "^1.1.0",
        "regenerator-runtime": "^0.13.11",
        "uuid": "^9.0.0"
      }
    }
  }
}
